{
  "name": "fable-blue",
  "version": "0.2.0",
  "lockfileVersion": 3,
  "requires": true,
  "packages": {
    "": {
      "name": "fable-blue",
      "version": "0.2.0",
      "license": "Apache-2.0",
      "workspaces": [
        "packages/*",
        "examples/*"
      ],
      "engines": {
        "node": ">=24"
      }
    },
    "examples/tictactoe-vanilla-es6": {
      "version": "1.0.0"
    },
    "node_modules/@aose/design-kg": {
      "resolved": "packages/design-kg",
      "link": true
    },
    "node_modules/aose": {
      "resolved": "packages/aose",
      "link": true
    },
    "node_modules/tictactoe-vanilla-es6": {
      "resolved": "examples/tictactoe-vanilla-es6",
      "link": true
    },
    "node_modules/yaml": {
      "version": "2.9.0",
      "resolved": "https://registry.npmjs.org/yaml/-/yaml-2.9.0.tgz",
      "integrity": "sha512-2AvhNX3mb8zd6Zy7INTtSpl1F15HW6Wnqj0srWlkKLcpYl/gMIMJiyuGq2KeI2YFxUPjdlB+3Lc10seMLtL4cA==",
      "license": "ISC",
      "bin": {
        "yaml": "bin.mjs"
      },
      "engines": {
        "node": ">= 14.6"
      },
      "funding": {
        "url": "https://github.com/sponsors/eemeli"
      }
    },
    "node_modules/zod": {
      "version": "4.5.4",
      "resolved": "https://registry.npmjs.org/zod/-/zod-4.5.4.tgz",
      "integrity": "sha512-sC95tT5iHHH9gtpj6A81kh+NEaRAUFN+qlUPDUbRfOMvNf5QCBqsb3WgvnpVtK5Y+4UfA6KqufotuTvMGiTlsA==",
      "license": "MIT",
      "funding": {
        "url": "https://github.com/sponsors/colinhacks"
      }
    },
    "packages/aose": {
      "version": "2.1.0",
      "license": "MIT",
      "dependencies": {
        "yaml": "^2.8.1",
        "zod": "^4.1.0"
      },
      "bin": {
        "aose": "src/cli.ts"
      },
      "engines": {
        "node": ">=24"
      }
    },
    "packages/design-kg": {
      "name": "@aose/design-kg",
      "version": "0.1.0",
      "license": "Apache-2.0",
      "engines": {
        "node": ">=24"
      }
    }
  }
}
